
Microsoft Visual Studio Solution File, Format Version 12.00
# Visual Studio 15
VisualStudioVersion = 15.0.27703.2000
MinimumVisualStudioVersion = 10.0.40219.1
Project("{2150E333-8FDC-42A3-9474-1A3956D46DE8}") = "Solution Items", "Solution Items", "{26AAAD0F-0CF0-4C16-98D5-E10EC1317DDB}"
	ProjectSection(SolutionItems) = preProject
		..\.gitignore = ..\.gitignore
		..\README.md = ..\README.md
	EndProjectSection
EndProject
Project("{FAE04EC0-301F-11D3-BF4B-00C04F79EFBC}") = "ESFA.DC.ILR1819.DataStore.Database.Test", "ESFA.DC.ILR1819.DataStore.Database.Test\ESFA.DC.ILR1819.DataStore.Database.Test.csproj", "{46FEB72C-E525-4BF0-ACEA-F18FEEAD49FE}"
EndProject
Project("{00D1A9C2-B5F0-4AF3-8072-F6C62B433612}") = "ESFA.DC.ILR1819.DataStore.Database", "ESFA.DC.ILR1819.DataStore.Database\ESFA.DC.ILR1819.DataStore.Database.sqlproj", "{5E3748FB-22A4-4EC1-A5E3-22FEEAAA6D7E}"
EndProject
Project("{9A19103F-16F7-4668-BE54-9A1E7A4F7556}") = "ESFA.DC.ILR1819.DataStore.EF", "ESFA.DC.ILR1819.DataStore.EF\ESFA.DC.ILR1819.DataStore.EF.csproj", "{1FC6E30C-8DC6-44DA-975F-527B0D6FC8C7}"
EndProject
Project("{9A19103F-16F7-4668-BE54-9A1E7A4F7556}") = "ESFA.DC.ILR1819.DataStore.EF.Invalid", "ESFA.DC.ILR1819.DataStore.EF.Invalid\ESFA.DC.ILR1819.DataStore.EF.Invalid.csproj", "{2C8DA159-CB2A-47C7-8AE4-149187B45987}"
EndProject
Project("{9A19103F-16F7-4668-BE54-9A1E7A4F7556}") = "ESFA.DC.ILR1819.DataStore.EF.Valid", "ESFA.DC.ILR1819.DataStore.EF.Valid\ESFA.DC.ILR1819.DataStore.EF.Valid.csproj", "{E1A9DC70-2B80-45E3-849C-82EB0A2F9ABF}"
EndProject
Project("{9A19103F-16F7-4668-BE54-9A1E7A4F7556}") = "ESFA.DC.ILR1819.Database.EF", "ESFA.DC.ILR1819.Database.EF\ESFA.DC.ILR1819.Database.EF.csproj", "{4C1783AF-4FF4-46B8-A096-2C2C3AB1D8F3}"
EndProject
Project("{9A19103F-16F7-4668-BE54-9A1E7A4F7556}") = "ESFA.DC.ILR.DataStore.Dto", "ESFA.DC.ILR.DataStore.Dto\ESFA.DC.ILR.DataStore.Dto.csproj", "{7E025741-6AAE-4537-B53D-A6058DBF668B}"
EndProject
Project("{9A19103F-16F7-4668-BE54-9A1E7A4F7556}") = "ESFA.DC.ILR.DataStore.EF.Console", "ESFA.DC.ILR.DataStore.EF.Console\ESFA.DC.ILR.DataStore.EF.Console.csproj", "{5A26B7C2-9AAC-45B8-A46A-9AACF8C46BD3}"
EndProject
Project("{FAE04EC0-301F-11D3-BF4B-00C04F79EFBC}") = "ESFA.DC.ILR.DataStore.Interface", "ESFA.DC.ILR.DataStore.Interface\ESFA.DC.ILR.DataStore.Interface.csproj", "{81C857D0-FA4A-40CE-8942-2ABEECA94B74}"
EndProject
Project("{FAE04EC0-301F-11D3-BF4B-00C04F79EFBC}") = "ESFA.DC.ILR.DataStore.Model", "ESFA.DC.ILR.DataStore.Model\ESFA.DC.ILR.DataStore.Model.csproj", "{45F608C4-7421-41AA-85CE-D30F4970C8C8}"
EndProject
Project("{FAE04EC0-301F-11D3-BF4B-00C04F79EFBC}") = "ESFA.DC.ILR.DataStore.PersistData", "ESFA.DC.ILR.DataStore.PersistData\ESFA.DC.ILR.DataStore.PersistData.csproj", "{FE7FA681-EDB2-4FC6-90B9-1BDBC400D8AE}"
EndProject
Project("{FAE04EC0-301F-11D3-BF4B-00C04F79EFBC}") = "ESFA.DC.ILR.DataStore.PersistData.Test", "ESFA.DC.ILR.DataStore.PersistData.Test\ESFA.DC.ILR.DataStore.PersistData.Test.csproj", "{D6CDB77D-0593-466E-BE18-4B12EB1F5946}"
EndProject
Project("{A07B5EB6-E848-4116-A8D0-A826331D98C6}") = "ESFA.DC.ILR1819.DataStore", "ESFA.DC.ILR.DataStore\ESFA.DC.ILR1819.DataStore.sfproj", "{F1D09BCD-F081-499A-8CA4-11C8A56A3D46}"
EndProject
Project("{FAE04EC0-301F-11D3-BF4B-00C04F79EFBC}") = "ESFA.DC.ILR.DataStore.Stateless", "ESFA.DC.ILR.DataStore.Stateless\ESFA.DC.ILR.DataStore.Stateless.csproj", "{5979FA6B-02A2-4CB0-9CA5-7709A0E12862}"
EndProject
Project("{FAE04EC0-301F-11D3-BF4B-00C04F79EFBC}") = "ESFA.DC.ILR.DataStore.Stateless.Test", "ESFA.DC.ILR.DataStore.Stateless.Test\ESFA.DC.ILR.DataStore.Stateless.Test.csproj", "{09E114FA-2B1A-4A64-9268-5AE0F741EBFF}"
EndProject
Global
	GlobalSection(SolutionConfigurationPlatforms) = preSolution
		Debug|Any CPU = Debug|Any CPU
		Debug|x64 = Debug|x64
		Release|Any CPU = Release|Any CPU
		Release|x64 = Release|x64
	EndGlobalSection
	GlobalSection(ProjectConfigurationPlatforms) = postSolution
		{46FEB72C-E525-4BF0-ACEA-F18FEEAD49FE}.Debug|Any CPU.ActiveCfg = Debug|Any CPU
		{46FEB72C-E525-4BF0-ACEA-F18FEEAD49FE}.Debug|Any CPU.Build.0 = Debug|Any CPU
		{46FEB72C-E525-4BF0-ACEA-F18FEEAD49FE}.Debug|x64.ActiveCfg = Debug|x64
		{46FEB72C-E525-4BF0-ACEA-F18FEEAD49FE}.Debug|x64.Build.0 = Debug|x64
		{46FEB72C-E525-4BF0-ACEA-F18FEEAD49FE}.Release|Any CPU.ActiveCfg = Release|Any CPU
		{46FEB72C-E525-4BF0-ACEA-F18FEEAD49FE}.Release|Any CPU.Build.0 = Release|Any CPU
		{46FEB72C-E525-4BF0-ACEA-F18FEEAD49FE}.Release|x64.ActiveCfg = Release|x64
		{46FEB72C-E525-4BF0-ACEA-F18FEEAD49FE}.Release|x64.Build.0 = Release|x64
		{5E3748FB-22A4-4EC1-A5E3-22FEEAAA6D7E}.Debug|Any CPU.ActiveCfg = Debug|Any CPU
		{5E3748FB-22A4-4EC1-A5E3-22FEEAAA6D7E}.Debug|Any CPU.Build.0 = Debug|Any CPU
		{5E3748FB-22A4-4EC1-A5E3-22FEEAAA6D7E}.Debug|Any CPU.Deploy.0 = Debug|Any CPU
		{5E3748FB-22A4-4EC1-A5E3-22FEEAAA6D7E}.Debug|x64.ActiveCfg = Debug|x64
		{5E3748FB-22A4-4EC1-A5E3-22FEEAAA6D7E}.Debug|x64.Build.0 = Debug|x64
		{5E3748FB-22A4-4EC1-A5E3-22FEEAAA6D7E}.Debug|x64.Deploy.0 = Debug|x64
		{5E3748FB-22A4-4EC1-A5E3-22FEEAAA6D7E}.Release|Any CPU.ActiveCfg = Release|Any CPU
		{5E3748FB-22A4-4EC1-A5E3-22FEEAAA6D7E}.Release|Any CPU.Build.0 = Release|Any CPU
		{5E3748FB-22A4-4EC1-A5E3-22FEEAAA6D7E}.Release|Any CPU.Deploy.0 = Release|Any CPU
		{5E3748FB-22A4-4EC1-A5E3-22FEEAAA6D7E}.Release|x64.ActiveCfg = Release|x64
		{5E3748FB-22A4-4EC1-A5E3-22FEEAAA6D7E}.Release|x64.Build.0 = Release|x64
		{5E3748FB-22A4-4EC1-A5E3-22FEEAAA6D7E}.Release|x64.Deploy.0 = Release|x64
		{1FC6E30C-8DC6-44DA-975F-527B0D6FC8C7}.Debug|Any CPU.ActiveCfg = Debug|Any CPU
		{1FC6E30C-8DC6-44DA-975F-527B0D6FC8C7}.Debug|Any CPU.Build.0 = Debug|Any CPU
		{1FC6E30C-8DC6-44DA-975F-527B0D6FC8C7}.Debug|x64.ActiveCfg = Debug|Any CPU
		{1FC6E30C-8DC6-44DA-975F-527B0D6FC8C7}.Debug|x64.Build.0 = Debug|Any CPU
		{1FC6E30C-8DC6-44DA-975F-527B0D6FC8C7}.Release|Any CPU.ActiveCfg = Release|Any CPU
		{1FC6E30C-8DC6-44DA-975F-527B0D6FC8C7}.Release|Any CPU.Build.0 = Release|Any CPU
		{1FC6E30C-8DC6-44DA-975F-527B0D6FC8C7}.Release|x64.ActiveCfg = Release|Any CPU
		{1FC6E30C-8DC6-44DA-975F-527B0D6FC8C7}.Release|x64.Build.0 = Release|Any CPU
		{2C8DA159-CB2A-47C7-8AE4-149187B45987}.Debug|Any CPU.ActiveCfg = Debug|Any CPU
		{2C8DA159-CB2A-47C7-8AE4-149187B45987}.Debug|Any CPU.Build.0 = Debug|Any CPU
		{2C8DA159-CB2A-47C7-8AE4-149187B45987}.Debug|x64.ActiveCfg = Debug|Any CPU
		{2C8DA159-CB2A-47C7-8AE4-149187B45987}.Debug|x64.Build.0 = Debug|Any CPU
		{2C8DA159-CB2A-47C7-8AE4-149187B45987}.Release|Any CPU.ActiveCfg = Release|Any CPU
		{2C8DA159-CB2A-47C7-8AE4-149187B45987}.Release|Any CPU.Build.0 = Release|Any CPU
		{2C8DA159-CB2A-47C7-8AE4-149187B45987}.Release|x64.ActiveCfg = Release|Any CPU
		{2C8DA159-CB2A-47C7-8AE4-149187B45987}.Release|x64.Build.0 = Release|Any CPU
		{E1A9DC70-2B80-45E3-849C-82EB0A2F9ABF}.Debug|Any CPU.ActiveCfg = Debug|Any CPU
		{E1A9DC70-2B80-45E3-849C-82EB0A2F9ABF}.Debug|Any CPU.Build.0 = Debug|Any CPU
		{E1A9DC70-2B80-45E3-849C-82EB0A2F9ABF}.Debug|x64.ActiveCfg = Debug|Any CPU
		{E1A9DC70-2B80-45E3-849C-82EB0A2F9ABF}.Debug|x64.Build.0 = Debug|Any CPU
		{E1A9DC70-2B80-45E3-849C-82EB0A2F9ABF}.Release|Any CPU.ActiveCfg = Release|Any CPU
		{E1A9DC70-2B80-45E3-849C-82EB0A2F9ABF}.Release|Any CPU.Build.0 = Release|Any CPU
		{E1A9DC70-2B80-45E3-849C-82EB0A2F9ABF}.Release|x64.ActiveCfg = Release|Any CPU
		{E1A9DC70-2B80-45E3-849C-82EB0A2F9ABF}.Release|x64.Build.0 = Release|Any CPU
		{4C1783AF-4FF4-46B8-A096-2C2C3AB1D8F3}.Debug|Any CPU.ActiveCfg = Debug|Any CPU
		{4C1783AF-4FF4-46B8-A096-2C2C3AB1D8F3}.Debug|Any CPU.Build.0 = Debug|Any CPU
		{4C1783AF-4FF4-46B8-A096-2C2C3AB1D8F3}.Debug|x64.ActiveCfg = Debug|Any CPU
		{4C1783AF-4FF4-46B8-A096-2C2C3AB1D8F3}.Debug|x64.Build.0 = Debug|Any CPU
		{4C1783AF-4FF4-46B8-A096-2C2C3AB1D8F3}.Release|Any CPU.ActiveCfg = Release|Any CPU
		{4C1783AF-4FF4-46B8-A096-2C2C3AB1D8F3}.Release|Any CPU.Build.0 = Release|Any CPU
		{4C1783AF-4FF4-46B8-A096-2C2C3AB1D8F3}.Release|x64.ActiveCfg = Release|Any CPU
		{4C1783AF-4FF4-46B8-A096-2C2C3AB1D8F3}.Release|x64.Build.0 = Release|Any CPU
		{7E025741-6AAE-4537-B53D-A6058DBF668B}.Debug|Any CPU.ActiveCfg = Debug|Any CPU
		{7E025741-6AAE-4537-B53D-A6058DBF668B}.Debug|Any CPU.Build.0 = Debug|Any CPU
		{7E025741-6AAE-4537-B53D-A6058DBF668B}.Debug|x64.ActiveCfg = Debug|x64
		{7E025741-6AAE-4537-B53D-A6058DBF668B}.Debug|x64.Build.0 = Debug|x64
		{7E025741-6AAE-4537-B53D-A6058DBF668B}.Release|Any CPU.ActiveCfg = Release|Any CPU
		{7E025741-6AAE-4537-B53D-A6058DBF668B}.Release|Any CPU.Build.0 = Release|Any CPU
		{7E025741-6AAE-4537-B53D-A6058DBF668B}.Release|x64.ActiveCfg = Release|x64
		{7E025741-6AAE-4537-B53D-A6058DBF668B}.Release|x64.Build.0 = Release|x64
		{5A26B7C2-9AAC-45B8-A46A-9AACF8C46BD3}.Debug|Any CPU.ActiveCfg = Debug|Any CPU
		{5A26B7C2-9AAC-45B8-A46A-9AACF8C46BD3}.Debug|Any CPU.Build.0 = Debug|Any CPU
		{5A26B7C2-9AAC-45B8-A46A-9AACF8C46BD3}.Debug|x64.ActiveCfg = Debug|Any CPU
		{5A26B7C2-9AAC-45B8-A46A-9AACF8C46BD3}.Debug|x64.Build.0 = Debug|Any CPU
		{5A26B7C2-9AAC-45B8-A46A-9AACF8C46BD3}.Release|Any CPU.ActiveCfg = Release|Any CPU
		{5A26B7C2-9AAC-45B8-A46A-9AACF8C46BD3}.Release|Any CPU.Build.0 = Release|Any CPU
		{5A26B7C2-9AAC-45B8-A46A-9AACF8C46BD3}.Release|x64.ActiveCfg = Release|Any CPU
		{5A26B7C2-9AAC-45B8-A46A-9AACF8C46BD3}.Release|x64.Build.0 = Release|Any CPU
		{81C857D0-FA4A-40CE-8942-2ABEECA94B74}.Debug|Any CPU.ActiveCfg = Debug|Any CPU
		{81C857D0-FA4A-40CE-8942-2ABEECA94B74}.Debug|Any CPU.Build.0 = Debug|Any CPU
		{81C857D0-FA4A-40CE-8942-2ABEECA94B74}.Debug|x64.ActiveCfg = Debug|x64
		{81C857D0-FA4A-40CE-8942-2ABEECA94B74}.Debug|x64.Build.0 = Debug|x64
		{81C857D0-FA4A-40CE-8942-2ABEECA94B74}.Release|Any CPU.ActiveCfg = Release|Any CPU
		{81C857D0-FA4A-40CE-8942-2ABEECA94B74}.Release|Any CPU.Build.0 = Release|Any CPU
		{81C857D0-FA4A-40CE-8942-2ABEECA94B74}.Release|x64.ActiveCfg = Release|x64
		{81C857D0-FA4A-40CE-8942-2ABEECA94B74}.Release|x64.Build.0 = Release|x64
		{45F608C4-7421-41AA-85CE-D30F4970C8C8}.Debug|Any CPU.ActiveCfg = Debug|Any CPU
		{45F608C4-7421-41AA-85CE-D30F4970C8C8}.Debug|Any CPU.Build.0 = Debug|Any CPU
		{45F608C4-7421-41AA-85CE-D30F4970C8C8}.Debug|x64.ActiveCfg = Debug|x64
		{45F608C4-7421-41AA-85CE-D30F4970C8C8}.Debug|x64.Build.0 = Debug|x64
		{45F608C4-7421-41AA-85CE-D30F4970C8C8}.Release|Any CPU.ActiveCfg = Release|Any CPU
		{45F608C4-7421-41AA-85CE-D30F4970C8C8}.Release|Any CPU.Build.0 = Release|Any CPU
		{45F608C4-7421-41AA-85CE-D30F4970C8C8}.Release|x64.ActiveCfg = Release|x64
		{45F608C4-7421-41AA-85CE-D30F4970C8C8}.Release|x64.Build.0 = Release|x64
		{FE7FA681-EDB2-4FC6-90B9-1BDBC400D8AE}.Debug|Any CPU.ActiveCfg = Debug|Any CPU
		{FE7FA681-EDB2-4FC6-90B9-1BDBC400D8AE}.Debug|Any CPU.Build.0 = Debug|Any CPU
		{FE7FA681-EDB2-4FC6-90B9-1BDBC400D8AE}.Debug|x64.ActiveCfg = Debug|x64
		{FE7FA681-EDB2-4FC6-90B9-1BDBC400D8AE}.Debug|x64.Build.0 = Debug|x64
		{FE7FA681-EDB2-4FC6-90B9-1BDBC400D8AE}.Release|Any CPU.ActiveCfg = Release|Any CPU
		{FE7FA681-EDB2-4FC6-90B9-1BDBC400D8AE}.Release|Any CPU.Build.0 = Release|Any CPU
		{FE7FA681-EDB2-4FC6-90B9-1BDBC400D8AE}.Release|x64.ActiveCfg = Release|x64
		{FE7FA681-EDB2-4FC6-90B9-1BDBC400D8AE}.Release|x64.Build.0 = Release|x64
		{D6CDB77D-0593-466E-BE18-4B12EB1F5946}.Debug|Any CPU.ActiveCfg = Debug|Any CPU
		{D6CDB77D-0593-466E-BE18-4B12EB1F5946}.Debug|Any CPU.Build.0 = Debug|Any CPU
		{D6CDB77D-0593-466E-BE18-4B12EB1F5946}.Debug|x64.ActiveCfg = Debug|x64
		{D6CDB77D-0593-466E-BE18-4B12EB1F5946}.Debug|x64.Build.0 = Debug|x64
		{D6CDB77D-0593-466E-BE18-4B12EB1F5946}.Release|Any CPU.ActiveCfg = Release|Any CPU
		{D6CDB77D-0593-466E-BE18-4B12EB1F5946}.Release|Any CPU.Build.0 = Release|Any CPU
		{D6CDB77D-0593-466E-BE18-4B12EB1F5946}.Release|x64.ActiveCfg = Release|x64
		{D6CDB77D-0593-466E-BE18-4B12EB1F5946}.Release|x64.Build.0 = Release|x64
		{F1D09BCD-F081-499A-8CA4-11C8A56A3D46}.Debug|Any CPU.ActiveCfg = Debug|x64
		{F1D09BCD-F081-499A-8CA4-11C8A56A3D46}.Debug|x64.ActiveCfg = Debug|x64
		{F1D09BCD-F081-499A-8CA4-11C8A56A3D46}.Debug|x64.Build.0 = Debug|x64
		{F1D09BCD-F081-499A-8CA4-11C8A56A3D46}.Debug|x64.Deploy.0 = Debug|x64
		{F1D09BCD-F081-499A-8CA4-11C8A56A3D46}.Release|Any CPU.ActiveCfg = Release|x64
		{F1D09BCD-F081-499A-8CA4-11C8A56A3D46}.Release|x64.ActiveCfg = Release|x64
		{F1D09BCD-F081-499A-8CA4-11C8A56A3D46}.Release|x64.Build.0 = Release|x64
		{F1D09BCD-F081-499A-8CA4-11C8A56A3D46}.Release|x64.Deploy.0 = Release|x64
		{5979FA6B-02A2-4CB0-9CA5-7709A0E12862}.Debug|Any CPU.ActiveCfg = Debug|x64
		{5979FA6B-02A2-4CB0-9CA5-7709A0E12862}.Debug|x64.ActiveCfg = Debug|x64
		{5979FA6B-02A2-4CB0-9CA5-7709A0E12862}.Debug|x64.Build.0 = Debug|x64
		{5979FA6B-02A2-4CB0-9CA5-7709A0E12862}.Release|Any CPU.ActiveCfg = Release|x64
		{5979FA6B-02A2-4CB0-9CA5-7709A0E12862}.Release|x64.ActiveCfg = Release|x64
		{5979FA6B-02A2-4CB0-9CA5-7709A0E12862}.Release|x64.Build.0 = Release|x64
		{09E114FA-2B1A-4A64-9268-5AE0F741EBFF}.Debug|Any CPU.ActiveCfg = Debug|Any CPU
		{09E114FA-2B1A-4A64-9268-5AE0F741EBFF}.Debug|Any CPU.Build.0 = Debug|Any CPU
		{09E114FA-2B1A-4A64-9268-5AE0F741EBFF}.Debug|x64.ActiveCfg = Debug|Any CPU
		{09E114FA-2B1A-4A64-9268-5AE0F741EBFF}.Debug|x64.Build.0 = Debug|Any CPU
		{09E114FA-2B1A-4A64-9268-5AE0F741EBFF}.Release|Any CPU.ActiveCfg = Release|Any CPU
		{09E114FA-2B1A-4A64-9268-5AE0F741EBFF}.Release|Any CPU.Build.0 = Release|Any CPU
		{09E114FA-2B1A-4A64-9268-5AE0F741EBFF}.Release|x64.ActiveCfg = Release|Any CPU
		{09E114FA-2B1A-4A64-9268-5AE0F741EBFF}.Release|x64.Build.0 = Release|Any CPU
	EndGlobalSection
	GlobalSection(SolutionProperties) = preSolution
		HideSolutionNode = FALSE
	EndGlobalSection
	GlobalSection(ExtensibilityGlobals) = postSolution
		SolutionGuid = {A5F4A845-EA0F-48C9-A7EF-E466437537DA}
	EndGlobalSection
EndGlobal
