
Microsoft Visual Studio Solution File, Format Version 12.00
# Visual Studio 15
VisualStudioVersion = 15.0.27703.2000
MinimumVisualStudioVersion = 10.0.40219.1
Project("{2150E333-8FDC-42A3-9474-1A3956D46DE8}") = "Solution Items", "Solution Items", "{26AAAD0F-0CF0-4C16-98D5-E10EC1317DDB}"
	ProjectSection(SolutionItems) = preProject
		..\.gitignore = ..\.gitignore
		..\README.md = ..\README.md
	EndProjectSection
EndProject
Project("{9A19103F-16F7-4668-BE54-9A1E7A4F7556}") = "ESFA.DC.ILR1819.DataStore.Dto", "ESFA.DC.ILR1819.DataStore.Dto\ESFA.DC.ILR1819.DataStore.Dto.csproj", "{276F8378-8EB9-4F43-8BA8-21C37C7DD46B}"
EndProject
Project("{9A19103F-16F7-4668-BE54-9A1E7A4F7556}") = "ESFA.DC.ILR1819.DataStore.Interface", "ESFA.DC.ILR1819.DataStore.Interface\ESFA.DC.ILR1819.DataStore.Interface.csproj", "{F79723E3-EC3D-4A61-8A8A-DCC2A79B12A3}"
EndProject
Project("{FAE04EC0-301F-11D3-BF4B-00C04F79EFBC}") = "ESFA.DC.ILR1819.DataStore.PersistData", "ESFA.DC.ILR1819.DataStore.PersistData\ESFA.DC.ILR1819.DataStore.PersistData.csproj", "{FE7FA681-EDB2-4FC6-90B9-1BDBC400D8AE}"
EndProject
Project("{FAE04EC0-301F-11D3-BF4B-00C04F79EFBC}") = "ESFA.DC.ILR1819.DataStore.PersistData.Test", "ESFA.DC.ILR1819.DataStore.PersistData.Test\ESFA.DC.ILR1819.DataStore.PersistData.Test.csproj", "{D6CDB77D-0593-466E-BE18-4B12EB1F5946}"
EndProject
Project("{FAE04EC0-301F-11D3-BF4B-00C04F79EFBC}") = "ESFA.DC.ILR1819.DataStore.PersistData.Test.Console", "ESFA.DC.ILR1819.DataStore.PersistData.Test.Console\ESFA.DC.ILR1819.DataStore.PersistData.Test.Console.csproj", "{05238041-DE94-453C-9C32-BC792C5EAB49}"
EndProject
Project("{A07B5EB6-E848-4116-A8D0-A826331D98C6}") = "ESFA.DC.ILR1819.DataStore", "ESFA.DC.ILR1819.DataStore\ESFA.DC.ILR1819.DataStore.sfproj", "{F1D09BCD-F081-499A-8CA4-11C8A56A3D46}"
EndProject
Project("{FAE04EC0-301F-11D3-BF4B-00C04F79EFBC}") = "ESFA.DC.ILR1819.DataStore.Stateless", "ESFA.DC.ILR1819.DataStore.Stateless\ESFA.DC.ILR1819.DataStore.Stateless.csproj", "{5979FA6B-02A2-4CB0-9CA5-7709A0E12862}"
EndProject
Project("{FAE04EC0-301F-11D3-BF4B-00C04F79EFBC}") = "ESFA.DC.ILR1819.DataStore.Stateless.Test", "ESFA.DC.ILR1819.DataStore.Stateless.Test\ESFA.DC.ILR1819.DataStore.Stateless.Test.csproj", "{09E114FA-2B1A-4A64-9268-5AE0F741EBFF}"
	ProjectSection(ProjectDependencies) = postProject
		{FE7FA681-EDB2-4FC6-90B9-1BDBC400D8AE} = {FE7FA681-EDB2-4FC6-90B9-1BDBC400D8AE}
	EndProjectSection
EndProject
Global
	GlobalSection(SolutionConfigurationPlatforms) = preSolution
		Debug|Any CPU = Debug|Any CPU
		Debug|x64 = Debug|x64
		Release|Any CPU = Release|Any CPU
		Release|x64 = Release|x64
	EndGlobalSection
	GlobalSection(ProjectConfigurationPlatforms) = postSolution
		{276F8378-8EB9-4F43-8BA8-21C37C7DD46B}.Debug|Any CPU.ActiveCfg = Debug|Any CPU
		{276F8378-8EB9-4F43-8BA8-21C37C7DD46B}.Debug|Any CPU.Build.0 = Debug|Any CPU
		{276F8378-8EB9-4F43-8BA8-21C37C7DD46B}.Debug|x64.ActiveCfg = Debug|x64
		{276F8378-8EB9-4F43-8BA8-21C37C7DD46B}.Debug|x64.Build.0 = Debug|x64
		{276F8378-8EB9-4F43-8BA8-21C37C7DD46B}.Release|Any CPU.ActiveCfg = Release|Any CPU
		{276F8378-8EB9-4F43-8BA8-21C37C7DD46B}.Release|Any CPU.Build.0 = Release|Any CPU
		{276F8378-8EB9-4F43-8BA8-21C37C7DD46B}.Release|x64.ActiveCfg = Release|Any CPU
		{276F8378-8EB9-4F43-8BA8-21C37C7DD46B}.Release|x64.Build.0 = Release|Any CPU
		{F79723E3-EC3D-4A61-8A8A-DCC2A79B12A3}.Debug|Any CPU.ActiveCfg = Debug|Any CPU
		{F79723E3-EC3D-4A61-8A8A-DCC2A79B12A3}.Debug|Any CPU.Build.0 = Debug|Any CPU
		{F79723E3-EC3D-4A61-8A8A-DCC2A79B12A3}.Debug|x64.ActiveCfg = Debug|x64
		{F79723E3-EC3D-4A61-8A8A-DCC2A79B12A3}.Debug|x64.Build.0 = Debug|x64
		{F79723E3-EC3D-4A61-8A8A-DCC2A79B12A3}.Release|Any CPU.ActiveCfg = Release|Any CPU
		{F79723E3-EC3D-4A61-8A8A-DCC2A79B12A3}.Release|Any CPU.Build.0 = Release|Any CPU
		{F79723E3-EC3D-4A61-8A8A-DCC2A79B12A3}.Release|x64.ActiveCfg = Release|Any CPU
		{F79723E3-EC3D-4A61-8A8A-DCC2A79B12A3}.Release|x64.Build.0 = Release|Any CPU
		{FE7FA681-EDB2-4FC6-90B9-1BDBC400D8AE}.Debug|Any CPU.ActiveCfg = Debug|Any CPU
		{FE7FA681-EDB2-4FC6-90B9-1BDBC400D8AE}.Debug|Any CPU.Build.0 = Debug|Any CPU
		{FE7FA681-EDB2-4FC6-90B9-1BDBC400D8AE}.Debug|x64.ActiveCfg = Debug|x64
		{FE7FA681-EDB2-4FC6-90B9-1BDBC400D8AE}.Debug|x64.Build.0 = Debug|x64
		{FE7FA681-EDB2-4FC6-90B9-1BDBC400D8AE}.Release|Any CPU.ActiveCfg = Release|Any CPU
		{FE7FA681-EDB2-4FC6-90B9-1BDBC400D8AE}.Release|Any CPU.Build.0 = Release|Any CPU
		{FE7FA681-EDB2-4FC6-90B9-1BDBC400D8AE}.Release|x64.ActiveCfg = Release|Any CPU
		{FE7FA681-EDB2-4FC6-90B9-1BDBC400D8AE}.Release|x64.Build.0 = Release|Any CPU
		{D6CDB77D-0593-466E-BE18-4B12EB1F5946}.Debug|Any CPU.ActiveCfg = Debug|Any CPU
		{D6CDB77D-0593-466E-BE18-4B12EB1F5946}.Debug|Any CPU.Build.0 = Debug|Any CPU
		{D6CDB77D-0593-466E-BE18-4B12EB1F5946}.Debug|x64.ActiveCfg = Debug|x64
		{D6CDB77D-0593-466E-BE18-4B12EB1F5946}.Debug|x64.Build.0 = Debug|x64
		{D6CDB77D-0593-466E-BE18-4B12EB1F5946}.Release|Any CPU.ActiveCfg = Release|Any CPU
		{D6CDB77D-0593-466E-BE18-4B12EB1F5946}.Release|Any CPU.Build.0 = Release|Any CPU
		{D6CDB77D-0593-466E-BE18-4B12EB1F5946}.Release|x64.ActiveCfg = Release|Any CPU
		{D6CDB77D-0593-466E-BE18-4B12EB1F5946}.Release|x64.Build.0 = Release|Any CPU
		{05238041-DE94-453C-9C32-BC792C5EAB49}.Debug|Any CPU.ActiveCfg = Debug|Any CPU
		{05238041-DE94-453C-9C32-BC792C5EAB49}.Debug|Any CPU.Build.0 = Debug|Any CPU
		{05238041-DE94-453C-9C32-BC792C5EAB49}.Debug|x64.ActiveCfg = Debug|x64
		{05238041-DE94-453C-9C32-BC792C5EAB49}.Debug|x64.Build.0 = Debug|x64
		{05238041-DE94-453C-9C32-BC792C5EAB49}.Release|Any CPU.ActiveCfg = Release|Any CPU
		{05238041-DE94-453C-9C32-BC792C5EAB49}.Release|Any CPU.Build.0 = Release|Any CPU
		{05238041-DE94-453C-9C32-BC792C5EAB49}.Release|x64.ActiveCfg = Release|Any CPU
		{05238041-DE94-453C-9C32-BC792C5EAB49}.Release|x64.Build.0 = Release|Any CPU
		{F1D09BCD-F081-499A-8CA4-11C8A56A3D46}.Debug|Any CPU.ActiveCfg = Debug|x64
		{F1D09BCD-F081-499A-8CA4-11C8A56A3D46}.Debug|x64.ActiveCfg = Debug|x64
		{F1D09BCD-F081-499A-8CA4-11C8A56A3D46}.Debug|x64.Build.0 = Debug|x64
		{F1D09BCD-F081-499A-8CA4-11C8A56A3D46}.Debug|x64.Deploy.0 = Debug|x64
		{F1D09BCD-F081-499A-8CA4-11C8A56A3D46}.Release|Any CPU.ActiveCfg = Release|x64
		{F1D09BCD-F081-499A-8CA4-11C8A56A3D46}.Release|x64.ActiveCfg = Release|x64
		{F1D09BCD-F081-499A-8CA4-11C8A56A3D46}.Release|x64.Build.0 = Release|x64
		{F1D09BCD-F081-499A-8CA4-11C8A56A3D46}.Release|x64.Deploy.0 = Release|x64
		{5979FA6B-02A2-4CB0-9CA5-7709A0E12862}.Debug|Any CPU.ActiveCfg = Debug|x64
		{5979FA6B-02A2-4CB0-9CA5-7709A0E12862}.Debug|Any CPU.Build.0 = Debug|x64
		{5979FA6B-02A2-4CB0-9CA5-7709A0E12862}.Debug|x64.ActiveCfg = Debug|x64
		{5979FA6B-02A2-4CB0-9CA5-7709A0E12862}.Debug|x64.Build.0 = Debug|x64
		{5979FA6B-02A2-4CB0-9CA5-7709A0E12862}.Release|Any CPU.ActiveCfg = Release|x64
		{5979FA6B-02A2-4CB0-9CA5-7709A0E12862}.Release|x64.ActiveCfg = Release|x64
		{5979FA6B-02A2-4CB0-9CA5-7709A0E12862}.Release|x64.Build.0 = Release|x64
		{09E114FA-2B1A-4A64-9268-5AE0F741EBFF}.Debug|Any CPU.ActiveCfg = Debug|Any CPU
		{09E114FA-2B1A-4A64-9268-5AE0F741EBFF}.Debug|Any CPU.Build.0 = Debug|Any CPU
		{09E114FA-2B1A-4A64-9268-5AE0F741EBFF}.Debug|x64.ActiveCfg = Debug|Any CPU
		{09E114FA-2B1A-4A64-9268-5AE0F741EBFF}.Debug|x64.Build.0 = Debug|Any CPU
		{09E114FA-2B1A-4A64-9268-5AE0F741EBFF}.Release|Any CPU.ActiveCfg = Release|Any CPU
		{09E114FA-2B1A-4A64-9268-5AE0F741EBFF}.Release|Any CPU.Build.0 = Release|Any CPU
		{09E114FA-2B1A-4A64-9268-5AE0F741EBFF}.Release|x64.ActiveCfg = Release|Any CPU
		{09E114FA-2B1A-4A64-9268-5AE0F741EBFF}.Release|x64.Build.0 = Release|Any CPU
	EndGlobalSection
	GlobalSection(SolutionProperties) = preSolution
		HideSolutionNode = FALSE
	EndGlobalSection
	GlobalSection(ExtensibilityGlobals) = postSolution
		SolutionGuid = {A5F4A845-EA0F-48C9-A7EF-E466437537DA}
	EndGlobalSection
EndGlobal
