
Microsoft Visual Studio Solution File, Format Version 12.00
# Visual Studio 15
VisualStudioVersion = 15.0.27703.2000
MinimumVisualStudioVersion = 10.0.40219.1
Project("{2150E333-8FDC-42A3-9474-1A3956D46DE8}") = "Solution Items", "Solution Items", "{26AAAD0F-0CF0-4C16-98D5-E10EC1317DDB}"
	ProjectSection(SolutionItems) = preProject
		..\.gitignore = ..\.gitignore
		..\azure-pipelines.yml = ..\azure-pipelines.yml
		..\README.md = ..\README.md
	EndProjectSection
EndProject
Project("{FAE04EC0-301F-11D3-BF4B-00C04F79EFBC}") = "ESFA.DC.ILR.DataStore.PersistData.Test", "ESFA.DC.ILR.DataStore.PersistData.Test\ESFA.DC.ILR.DataStore.PersistData.Test.csproj", "{D6CDB77D-0593-466E-BE18-4B12EB1F5946}"
EndProject
Project("{A07B5EB6-E848-4116-A8D0-A826331D98C6}") = "ESFA.DC.ILR.DataStore", "ESFA.DC.ILR.DataStore\ESFA.DC.ILR.DataStore.sfproj", "{F1D09BCD-F081-499A-8CA4-11C8A56A3D46}"
EndProject
Project("{FAE04EC0-301F-11D3-BF4B-00C04F79EFBC}") = "ESFA.DC.ILR.DataStore.Stateless", "ESFA.DC.ILR.DataStore.Stateless\ESFA.DC.ILR.DataStore.Stateless.csproj", "{5979FA6B-02A2-4CB0-9CA5-7709A0E12862}"
EndProject
Project("{FAE04EC0-301F-11D3-BF4B-00C04F79EFBC}") = "ESFA.DC.ILR.DataStore.Stateless.Test", "ESFA.DC.ILR.DataStore.Stateless.Test\ESFA.DC.ILR.DataStore.Stateless.Test.csproj", "{09E114FA-2B1A-4A64-9268-5AE0F741EBFF}"
EndProject
Project("{9A19103F-16F7-4668-BE54-9A1E7A4F7556}") = "ESFA.DC.ILR.DataStore.Desktop", "ESFA.DC.ILR.DataStore.Desktop\ESFA.DC.ILR.DataStore.Desktop.csproj", "{2CA1EAC0-0E50-4CD9-9B09-78E765E180FA}"
EndProject
Project("{FAE04EC0-301F-11D3-BF4B-00C04F79EFBC}") = "ESFA.DC.ILR.DataStore.Desktop.Test", "ESFA.DC.ILR.DataStore.Desktop.Test\ESFA.DC.ILR.DataStore.Desktop.Test.csproj", "{882544D0-CE39-4FD9-A278-4C4F401166FF}"
EndProject
Project("{9A19103F-16F7-4668-BE54-9A1E7A4F7556}") = "ESFA.DC.ILR.Datastore.Modules", "ESFA.DC.ILR.Datastore.Modules\ESFA.DC.ILR.Datastore.Modules.csproj", "{0DA244B8-3FAD-415B-9E1D-E843F7DA74E5}"
EndProject
Project("{9A19103F-16F7-4668-BE54-9A1E7A4F7556}") = "ESFA.DC.ILR.DataStore.Interface", "ESFA.DC.ILR.DataStore.Interface\ESFA.DC.ILR.DataStore.Interface.csproj", "{D5D457B2-F12F-4FF8-B597-7161AB57384B}"
EndProject
Project("{9A19103F-16F7-4668-BE54-9A1E7A4F7556}") = "ESFA.DC.ILR.DataStore.Model", "ESFA.DC.ILR.Datastore.Model\ESFA.DC.ILR.DataStore.Model.csproj", "{9B34B257-581D-4F02-86D9-28A83F2F08B7}"
EndProject
Project("{9A19103F-16F7-4668-BE54-9A1E7A4F7556}") = "ESFA.DC.ILR.DataStore.PersistData", "ESFA.DC.ILR.DataStore.PersistData\ESFA.DC.ILR.DataStore.PersistData.csproj", "{B15C08A2-9629-439F-ABD0-419B937A5E80}"
EndProject
Project("{9A19103F-16F7-4668-BE54-9A1E7A4F7556}") = "ESFA.DC.ILR.DataStore.Stubs", "ESFA.DC.ILR.DataStore.Stubs\ESFA.DC.ILR.DataStore.Stubs.csproj", "{C2CAB706-722C-4D76-870F-5D1EB184A663}"
EndProject
Project("{FAE04EC0-301F-11D3-BF4B-00C04F79EFBC}") = "ESFA.DC.ILR.DataStore.Access", "ESFA.DC.ILR.DataStore.Access\ESFA.DC.ILR.DataStore.Access.csproj", "{3710D60C-5D23-4647-A952-4D2B81B80A93}"
EndProject
Project("{9A19103F-16F7-4668-BE54-9A1E7A4F7556}") = "ESFA.DC.ILR.DataStore.Access.Console", "ESFA.DC.ILR.DataStore.Access.Console\ESFA.DC.ILR.DataStore.Access.Console.csproj", "{8D97236D-FCDA-4BBD-B672-752E50B8B49F}"
EndProject
Project("{9A19103F-16F7-4668-BE54-9A1E7A4F7556}") = "ESFA.DC.ILR.DataStore.Export", "ESFA.DC.ILR.DataStore.Export\ESFA.DC.ILR.DataStore.Export.csproj", "{CA9ED4AC-E80F-439A-BB4E-1B2476265312}"
EndProject
Project("{2150E333-8FDC-42A3-9474-1A3956D46DE8}") = "Database", "Database", "{2E5FF4F9-B59B-46EC-9740-43191B13A25A}"
EndProject
Project("{9A19103F-16F7-4668-BE54-9A1E7A4F7556}") = "ESFA.DC.ILR.DataStore.EF.Console", "Database\ESFA.DC.ILR.DataStore.EF.Console\ESFA.DC.ILR.DataStore.EF.Console.csproj", "{CDA6AE83-862A-42B8-A4DC-0F039C622A37}"
EndProject
Project("{00D1A9C2-B5F0-4AF3-8072-F6C62B433612}") = "ESFA.DC.ILR.DataStore.Database", "Database\ESFA.DC.ILR.DataStore.Database\ESFA.DC.ILR.DataStore.Database.sqlproj", "{8E2C0760-0F1A-4B2F-9206-51BD148B8206}"
EndProject
Project("{9A19103F-16F7-4668-BE54-9A1E7A4F7556}") = "ESFA.DC.ILR2021.DataStore.EF", "Database\ESFA.DC.ILR2021.DataStore.EF\ESFA.DC.ILR2021.DataStore.EF.csproj", "{07B9A7A6-52B0-42EB-A92C-76C68A0221B2}"
EndProject
Project("{FAE04EC0-301F-11D3-BF4B-00C04F79EFBC}") = "ESFA.DC.ILR2021.DataStore.EF.Invalid", "Database\ESFA.DC.ILR2021.DataStore.EF.Invalid\ESFA.DC.ILR2021.DataStore.EF.Invalid.csproj", "{738CB542-EA53-4A9B-AC87-FA9E6A4ABBE2}"
EndProject
Project("{FAE04EC0-301F-11D3-BF4B-00C04F79EFBC}") = "ESFA.DC.ILR2021.DataStore.EF.Valid", "Database\ESFA.DC.ILR2021.DataStore.EF.Valid\ESFA.DC.ILR2021.DataStore.EF.Valid.csproj", "{6855FF0F-95A8-4C91-B59A-E31F45D3C356}"
EndProject
Project("{FAE04EC0-301F-11D3-BF4B-00C04F79EFBC}") = "ESFA.DC.ILR2021.DataStore.EF.StoredProc", "Database\ESFA.DC.ILR2021.DataStore.EF.StoredProc\ESFA.DC.ILR2021.DataStore.EF.StoredProc.csproj", "{85D94CAE-F1ED-4A77-B103-53A482A76D6C}"
EndProject
Global
	GlobalSection(SolutionConfigurationPlatforms) = preSolution
		Debug|Any CPU = Debug|Any CPU
		Debug|x64 = Debug|x64
		Release|Any CPU = Release|Any CPU
		Release|x64 = Release|x64
	EndGlobalSection
	GlobalSection(ProjectConfigurationPlatforms) = postSolution
		{D6CDB77D-0593-466E-BE18-4B12EB1F5946}.Debug|Any CPU.ActiveCfg = Debug|Any CPU
		{D6CDB77D-0593-466E-BE18-4B12EB1F5946}.Debug|Any CPU.Build.0 = Debug|Any CPU
		{D6CDB77D-0593-466E-BE18-4B12EB1F5946}.Debug|x64.ActiveCfg = Debug|Any CPU
		{D6CDB77D-0593-466E-BE18-4B12EB1F5946}.Debug|x64.Build.0 = Debug|Any CPU
		{D6CDB77D-0593-466E-BE18-4B12EB1F5946}.Release|Any CPU.ActiveCfg = Release|Any CPU
		{D6CDB77D-0593-466E-BE18-4B12EB1F5946}.Release|Any CPU.Build.0 = Release|Any CPU
		{D6CDB77D-0593-466E-BE18-4B12EB1F5946}.Release|x64.ActiveCfg = Release|x64
		{D6CDB77D-0593-466E-BE18-4B12EB1F5946}.Release|x64.Build.0 = Release|x64
		{F1D09BCD-F081-499A-8CA4-11C8A56A3D46}.Debug|Any CPU.ActiveCfg = Debug|x64
		{F1D09BCD-F081-499A-8CA4-11C8A56A3D46}.Debug|Any CPU.Build.0 = Debug|x64
		{F1D09BCD-F081-499A-8CA4-11C8A56A3D46}.Debug|x64.ActiveCfg = Debug|x64
		{F1D09BCD-F081-499A-8CA4-11C8A56A3D46}.Debug|x64.Build.0 = Debug|x64
		{F1D09BCD-F081-499A-8CA4-11C8A56A3D46}.Debug|x64.Deploy.0 = Debug|x64
		{F1D09BCD-F081-499A-8CA4-11C8A56A3D46}.Release|Any CPU.ActiveCfg = Release|x64
		{F1D09BCD-F081-499A-8CA4-11C8A56A3D46}.Release|x64.ActiveCfg = Release|x64
		{F1D09BCD-F081-499A-8CA4-11C8A56A3D46}.Release|x64.Build.0 = Release|x64
		{F1D09BCD-F081-499A-8CA4-11C8A56A3D46}.Release|x64.Deploy.0 = Release|x64
		{5979FA6B-02A2-4CB0-9CA5-7709A0E12862}.Debug|Any CPU.ActiveCfg = Debug|x64
		{5979FA6B-02A2-4CB0-9CA5-7709A0E12862}.Debug|Any CPU.Build.0 = Debug|x64
		{5979FA6B-02A2-4CB0-9CA5-7709A0E12862}.Debug|x64.ActiveCfg = Debug|x64
		{5979FA6B-02A2-4CB0-9CA5-7709A0E12862}.Debug|x64.Build.0 = Debug|x64
		{5979FA6B-02A2-4CB0-9CA5-7709A0E12862}.Release|Any CPU.ActiveCfg = Release|x64
		{5979FA6B-02A2-4CB0-9CA5-7709A0E12862}.Release|Any CPU.Build.0 = Release|x64
		{5979FA6B-02A2-4CB0-9CA5-7709A0E12862}.Release|x64.ActiveCfg = Release|x64
		{5979FA6B-02A2-4CB0-9CA5-7709A0E12862}.Release|x64.Build.0 = Release|x64
		{09E114FA-2B1A-4A64-9268-5AE0F741EBFF}.Debug|Any CPU.ActiveCfg = Debug|Any CPU
		{09E114FA-2B1A-4A64-9268-5AE0F741EBFF}.Debug|Any CPU.Build.0 = Debug|Any CPU
		{09E114FA-2B1A-4A64-9268-5AE0F741EBFF}.Debug|x64.ActiveCfg = Debug|Any CPU
		{09E114FA-2B1A-4A64-9268-5AE0F741EBFF}.Debug|x64.Build.0 = Debug|Any CPU
		{09E114FA-2B1A-4A64-9268-5AE0F741EBFF}.Release|Any CPU.ActiveCfg = Release|Any CPU
		{09E114FA-2B1A-4A64-9268-5AE0F741EBFF}.Release|Any CPU.Build.0 = Release|Any CPU
		{09E114FA-2B1A-4A64-9268-5AE0F741EBFF}.Release|x64.ActiveCfg = Release|Any CPU
		{09E114FA-2B1A-4A64-9268-5AE0F741EBFF}.Release|x64.Build.0 = Release|Any CPU
		{2CA1EAC0-0E50-4CD9-9B09-78E765E180FA}.Debug|Any CPU.ActiveCfg = Debug|Any CPU
		{2CA1EAC0-0E50-4CD9-9B09-78E765E180FA}.Debug|Any CPU.Build.0 = Debug|Any CPU
		{2CA1EAC0-0E50-4CD9-9B09-78E765E180FA}.Debug|x64.ActiveCfg = Debug|Any CPU
		{2CA1EAC0-0E50-4CD9-9B09-78E765E180FA}.Debug|x64.Build.0 = Debug|Any CPU
		{2CA1EAC0-0E50-4CD9-9B09-78E765E180FA}.Release|Any CPU.ActiveCfg = Release|Any CPU
		{2CA1EAC0-0E50-4CD9-9B09-78E765E180FA}.Release|Any CPU.Build.0 = Release|Any CPU
		{2CA1EAC0-0E50-4CD9-9B09-78E765E180FA}.Release|x64.ActiveCfg = Release|Any CPU
		{2CA1EAC0-0E50-4CD9-9B09-78E765E180FA}.Release|x64.Build.0 = Release|Any CPU
		{882544D0-CE39-4FD9-A278-4C4F401166FF}.Debug|Any CPU.ActiveCfg = Debug|Any CPU
		{882544D0-CE39-4FD9-A278-4C4F401166FF}.Debug|Any CPU.Build.0 = Debug|Any CPU
		{882544D0-CE39-4FD9-A278-4C4F401166FF}.Debug|x64.ActiveCfg = Debug|Any CPU
		{882544D0-CE39-4FD9-A278-4C4F401166FF}.Debug|x64.Build.0 = Debug|Any CPU
		{882544D0-CE39-4FD9-A278-4C4F401166FF}.Release|Any CPU.ActiveCfg = Release|Any CPU
		{882544D0-CE39-4FD9-A278-4C4F401166FF}.Release|Any CPU.Build.0 = Release|Any CPU
		{882544D0-CE39-4FD9-A278-4C4F401166FF}.Release|x64.ActiveCfg = Release|Any CPU
		{882544D0-CE39-4FD9-A278-4C4F401166FF}.Release|x64.Build.0 = Release|Any CPU
		{0DA244B8-3FAD-415B-9E1D-E843F7DA74E5}.Debug|Any CPU.ActiveCfg = Debug|Any CPU
		{0DA244B8-3FAD-415B-9E1D-E843F7DA74E5}.Debug|Any CPU.Build.0 = Debug|Any CPU
		{0DA244B8-3FAD-415B-9E1D-E843F7DA74E5}.Debug|x64.ActiveCfg = Debug|Any CPU
		{0DA244B8-3FAD-415B-9E1D-E843F7DA74E5}.Debug|x64.Build.0 = Debug|Any CPU
		{0DA244B8-3FAD-415B-9E1D-E843F7DA74E5}.Release|Any CPU.ActiveCfg = Release|Any CPU
		{0DA244B8-3FAD-415B-9E1D-E843F7DA74E5}.Release|Any CPU.Build.0 = Release|Any CPU
		{0DA244B8-3FAD-415B-9E1D-E843F7DA74E5}.Release|x64.ActiveCfg = Release|Any CPU
		{0DA244B8-3FAD-415B-9E1D-E843F7DA74E5}.Release|x64.Build.0 = Release|Any CPU
		{D5D457B2-F12F-4FF8-B597-7161AB57384B}.Debug|Any CPU.ActiveCfg = Debug|Any CPU
		{D5D457B2-F12F-4FF8-B597-7161AB57384B}.Debug|Any CPU.Build.0 = Debug|Any CPU
		{D5D457B2-F12F-4FF8-B597-7161AB57384B}.Debug|x64.ActiveCfg = Debug|Any CPU
		{D5D457B2-F12F-4FF8-B597-7161AB57384B}.Debug|x64.Build.0 = Debug|Any CPU
		{D5D457B2-F12F-4FF8-B597-7161AB57384B}.Release|Any CPU.ActiveCfg = Release|Any CPU
		{D5D457B2-F12F-4FF8-B597-7161AB57384B}.Release|Any CPU.Build.0 = Release|Any CPU
		{D5D457B2-F12F-4FF8-B597-7161AB57384B}.Release|x64.ActiveCfg = Release|Any CPU
		{D5D457B2-F12F-4FF8-B597-7161AB57384B}.Release|x64.Build.0 = Release|Any CPU
		{9B34B257-581D-4F02-86D9-28A83F2F08B7}.Debug|Any CPU.ActiveCfg = Debug|Any CPU
		{9B34B257-581D-4F02-86D9-28A83F2F08B7}.Debug|Any CPU.Build.0 = Debug|Any CPU
		{9B34B257-581D-4F02-86D9-28A83F2F08B7}.Debug|x64.ActiveCfg = Debug|Any CPU
		{9B34B257-581D-4F02-86D9-28A83F2F08B7}.Debug|x64.Build.0 = Debug|Any CPU
		{9B34B257-581D-4F02-86D9-28A83F2F08B7}.Release|Any CPU.ActiveCfg = Release|Any CPU
		{9B34B257-581D-4F02-86D9-28A83F2F08B7}.Release|Any CPU.Build.0 = Release|Any CPU
		{9B34B257-581D-4F02-86D9-28A83F2F08B7}.Release|x64.ActiveCfg = Release|Any CPU
		{9B34B257-581D-4F02-86D9-28A83F2F08B7}.Release|x64.Build.0 = Release|Any CPU
		{B15C08A2-9629-439F-ABD0-419B937A5E80}.Debug|Any CPU.ActiveCfg = Debug|Any CPU
		{B15C08A2-9629-439F-ABD0-419B937A5E80}.Debug|Any CPU.Build.0 = Debug|Any CPU
		{B15C08A2-9629-439F-ABD0-419B937A5E80}.Debug|x64.ActiveCfg = Debug|Any CPU
		{B15C08A2-9629-439F-ABD0-419B937A5E80}.Debug|x64.Build.0 = Debug|Any CPU
		{B15C08A2-9629-439F-ABD0-419B937A5E80}.Release|Any CPU.ActiveCfg = Release|Any CPU
		{B15C08A2-9629-439F-ABD0-419B937A5E80}.Release|Any CPU.Build.0 = Release|Any CPU
		{B15C08A2-9629-439F-ABD0-419B937A5E80}.Release|x64.ActiveCfg = Release|Any CPU
		{B15C08A2-9629-439F-ABD0-419B937A5E80}.Release|x64.Build.0 = Release|Any CPU
		{C2CAB706-722C-4D76-870F-5D1EB184A663}.Debug|Any CPU.ActiveCfg = Debug|Any CPU
		{C2CAB706-722C-4D76-870F-5D1EB184A663}.Debug|Any CPU.Build.0 = Debug|Any CPU
		{C2CAB706-722C-4D76-870F-5D1EB184A663}.Debug|x64.ActiveCfg = Debug|Any CPU
		{C2CAB706-722C-4D76-870F-5D1EB184A663}.Debug|x64.Build.0 = Debug|Any CPU
		{C2CAB706-722C-4D76-870F-5D1EB184A663}.Release|Any CPU.ActiveCfg = Release|Any CPU
		{C2CAB706-722C-4D76-870F-5D1EB184A663}.Release|Any CPU.Build.0 = Release|Any CPU
		{C2CAB706-722C-4D76-870F-5D1EB184A663}.Release|x64.ActiveCfg = Release|Any CPU
		{C2CAB706-722C-4D76-870F-5D1EB184A663}.Release|x64.Build.0 = Release|Any CPU
		{3710D60C-5D23-4647-A952-4D2B81B80A93}.Debug|Any CPU.ActiveCfg = Debug|Any CPU
		{3710D60C-5D23-4647-A952-4D2B81B80A93}.Debug|Any CPU.Build.0 = Debug|Any CPU
		{3710D60C-5D23-4647-A952-4D2B81B80A93}.Debug|x64.ActiveCfg = Debug|Any CPU
		{3710D60C-5D23-4647-A952-4D2B81B80A93}.Debug|x64.Build.0 = Debug|Any CPU
		{3710D60C-5D23-4647-A952-4D2B81B80A93}.Release|Any CPU.ActiveCfg = Release|Any CPU
		{3710D60C-5D23-4647-A952-4D2B81B80A93}.Release|Any CPU.Build.0 = Release|Any CPU
		{3710D60C-5D23-4647-A952-4D2B81B80A93}.Release|x64.ActiveCfg = Release|Any CPU
		{3710D60C-5D23-4647-A952-4D2B81B80A93}.Release|x64.Build.0 = Release|Any CPU
		{8D97236D-FCDA-4BBD-B672-752E50B8B49F}.Debug|Any CPU.ActiveCfg = Debug|Any CPU
		{8D97236D-FCDA-4BBD-B672-752E50B8B49F}.Debug|Any CPU.Build.0 = Debug|Any CPU
		{8D97236D-FCDA-4BBD-B672-752E50B8B49F}.Debug|x64.ActiveCfg = Debug|Any CPU
		{8D97236D-FCDA-4BBD-B672-752E50B8B49F}.Debug|x64.Build.0 = Debug|Any CPU
		{8D97236D-FCDA-4BBD-B672-752E50B8B49F}.Release|Any CPU.ActiveCfg = Release|Any CPU
		{8D97236D-FCDA-4BBD-B672-752E50B8B49F}.Release|Any CPU.Build.0 = Release|Any CPU
		{8D97236D-FCDA-4BBD-B672-752E50B8B49F}.Release|x64.ActiveCfg = Release|Any CPU
		{8D97236D-FCDA-4BBD-B672-752E50B8B49F}.Release|x64.Build.0 = Release|Any CPU
		{CA9ED4AC-E80F-439A-BB4E-1B2476265312}.Debug|Any CPU.ActiveCfg = Debug|Any CPU
		{CA9ED4AC-E80F-439A-BB4E-1B2476265312}.Debug|Any CPU.Build.0 = Debug|Any CPU
		{CA9ED4AC-E80F-439A-BB4E-1B2476265312}.Debug|x64.ActiveCfg = Debug|Any CPU
		{CA9ED4AC-E80F-439A-BB4E-1B2476265312}.Debug|x64.Build.0 = Debug|Any CPU
		{CA9ED4AC-E80F-439A-BB4E-1B2476265312}.Release|Any CPU.ActiveCfg = Release|Any CPU
		{CA9ED4AC-E80F-439A-BB4E-1B2476265312}.Release|Any CPU.Build.0 = Release|Any CPU
		{CA9ED4AC-E80F-439A-BB4E-1B2476265312}.Release|x64.ActiveCfg = Release|Any CPU
		{CA9ED4AC-E80F-439A-BB4E-1B2476265312}.Release|x64.Build.0 = Release|Any CPU
		{CDA6AE83-862A-42B8-A4DC-0F039C622A37}.Debug|Any CPU.ActiveCfg = Debug|Any CPU
		{CDA6AE83-862A-42B8-A4DC-0F039C622A37}.Debug|Any CPU.Build.0 = Debug|Any CPU
		{CDA6AE83-862A-42B8-A4DC-0F039C622A37}.Debug|x64.ActiveCfg = Debug|Any CPU
		{CDA6AE83-862A-42B8-A4DC-0F039C622A37}.Debug|x64.Build.0 = Debug|Any CPU
		{CDA6AE83-862A-42B8-A4DC-0F039C622A37}.Release|Any CPU.ActiveCfg = Release|Any CPU
		{CDA6AE83-862A-42B8-A4DC-0F039C622A37}.Release|Any CPU.Build.0 = Release|Any CPU
		{CDA6AE83-862A-42B8-A4DC-0F039C622A37}.Release|x64.ActiveCfg = Release|Any CPU
		{CDA6AE83-862A-42B8-A4DC-0F039C622A37}.Release|x64.Build.0 = Release|Any CPU
		{8E2C0760-0F1A-4B2F-9206-51BD148B8206}.Debug|Any CPU.ActiveCfg = Debug|Any CPU
		{8E2C0760-0F1A-4B2F-9206-51BD148B8206}.Debug|Any CPU.Build.0 = Debug|Any CPU
		{8E2C0760-0F1A-4B2F-9206-51BD148B8206}.Debug|Any CPU.Deploy.0 = Debug|Any CPU
		{8E2C0760-0F1A-4B2F-9206-51BD148B8206}.Debug|x64.ActiveCfg = Debug|x64
		{8E2C0760-0F1A-4B2F-9206-51BD148B8206}.Debug|x64.Build.0 = Debug|x64
		{8E2C0760-0F1A-4B2F-9206-51BD148B8206}.Debug|x64.Deploy.0 = Debug|x64
		{8E2C0760-0F1A-4B2F-9206-51BD148B8206}.Release|Any CPU.ActiveCfg = Release|Any CPU
		{8E2C0760-0F1A-4B2F-9206-51BD148B8206}.Release|Any CPU.Build.0 = Release|Any CPU
		{8E2C0760-0F1A-4B2F-9206-51BD148B8206}.Release|Any CPU.Deploy.0 = Release|Any CPU
		{8E2C0760-0F1A-4B2F-9206-51BD148B8206}.Release|x64.ActiveCfg = Release|x64
		{8E2C0760-0F1A-4B2F-9206-51BD148B8206}.Release|x64.Build.0 = Release|x64
		{8E2C0760-0F1A-4B2F-9206-51BD148B8206}.Release|x64.Deploy.0 = Release|x64
		{07B9A7A6-52B0-42EB-A92C-76C68A0221B2}.Debug|Any CPU.ActiveCfg = Debug|Any CPU
		{07B9A7A6-52B0-42EB-A92C-76C68A0221B2}.Debug|Any CPU.Build.0 = Debug|Any CPU
		{07B9A7A6-52B0-42EB-A92C-76C68A0221B2}.Debug|x64.ActiveCfg = Debug|Any CPU
		{07B9A7A6-52B0-42EB-A92C-76C68A0221B2}.Debug|x64.Build.0 = Debug|Any CPU
		{07B9A7A6-52B0-42EB-A92C-76C68A0221B2}.Release|Any CPU.ActiveCfg = Release|Any CPU
		{07B9A7A6-52B0-42EB-A92C-76C68A0221B2}.Release|Any CPU.Build.0 = Release|Any CPU
		{07B9A7A6-52B0-42EB-A92C-76C68A0221B2}.Release|x64.ActiveCfg = Release|Any CPU
		{07B9A7A6-52B0-42EB-A92C-76C68A0221B2}.Release|x64.Build.0 = Release|Any CPU
		{738CB542-EA53-4A9B-AC87-FA9E6A4ABBE2}.Debug|Any CPU.ActiveCfg = Debug|Any CPU
		{738CB542-EA53-4A9B-AC87-FA9E6A4ABBE2}.Debug|Any CPU.Build.0 = Debug|Any CPU
		{738CB542-EA53-4A9B-AC87-FA9E6A4ABBE2}.Debug|x64.ActiveCfg = Debug|Any CPU
		{738CB542-EA53-4A9B-AC87-FA9E6A4ABBE2}.Debug|x64.Build.0 = Debug|Any CPU
		{738CB542-EA53-4A9B-AC87-FA9E6A4ABBE2}.Release|Any CPU.ActiveCfg = Release|Any CPU
		{738CB542-EA53-4A9B-AC87-FA9E6A4ABBE2}.Release|Any CPU.Build.0 = Release|Any CPU
		{738CB542-EA53-4A9B-AC87-FA9E6A4ABBE2}.Release|x64.ActiveCfg = Release|Any CPU
		{738CB542-EA53-4A9B-AC87-FA9E6A4ABBE2}.Release|x64.Build.0 = Release|Any CPU
		{6855FF0F-95A8-4C91-B59A-E31F45D3C356}.Debug|Any CPU.ActiveCfg = Debug|Any CPU
		{6855FF0F-95A8-4C91-B59A-E31F45D3C356}.Debug|Any CPU.Build.0 = Debug|Any CPU
		{6855FF0F-95A8-4C91-B59A-E31F45D3C356}.Debug|x64.ActiveCfg = Debug|Any CPU
		{6855FF0F-95A8-4C91-B59A-E31F45D3C356}.Debug|x64.Build.0 = Debug|Any CPU
		{6855FF0F-95A8-4C91-B59A-E31F45D3C356}.Release|Any CPU.ActiveCfg = Release|Any CPU
		{6855FF0F-95A8-4C91-B59A-E31F45D3C356}.Release|Any CPU.Build.0 = Release|Any CPU
		{6855FF0F-95A8-4C91-B59A-E31F45D3C356}.Release|x64.ActiveCfg = Release|Any CPU
		{6855FF0F-95A8-4C91-B59A-E31F45D3C356}.Release|x64.Build.0 = Release|Any CPU
		{85D94CAE-F1ED-4A77-B103-53A482A76D6C}.Debug|Any CPU.ActiveCfg = Debug|Any CPU
		{85D94CAE-F1ED-4A77-B103-53A482A76D6C}.Debug|Any CPU.Build.0 = Debug|Any CPU
		{85D94CAE-F1ED-4A77-B103-53A482A76D6C}.Debug|x64.ActiveCfg = Debug|Any CPU
		{85D94CAE-F1ED-4A77-B103-53A482A76D6C}.Debug|x64.Build.0 = Debug|Any CPU
		{85D94CAE-F1ED-4A77-B103-53A482A76D6C}.Release|Any CPU.ActiveCfg = Release|Any CPU
		{85D94CAE-F1ED-4A77-B103-53A482A76D6C}.Release|Any CPU.Build.0 = Release|Any CPU
		{85D94CAE-F1ED-4A77-B103-53A482A76D6C}.Release|x64.ActiveCfg = Release|Any CPU
		{85D94CAE-F1ED-4A77-B103-53A482A76D6C}.Release|x64.Build.0 = Release|Any CPU
	EndGlobalSection
	GlobalSection(SolutionProperties) = preSolution
		HideSolutionNode = FALSE
	EndGlobalSection
	GlobalSection(NestedProjects) = preSolution
		{CDA6AE83-862A-42B8-A4DC-0F039C622A37} = {2E5FF4F9-B59B-46EC-9740-43191B13A25A}
		{8E2C0760-0F1A-4B2F-9206-51BD148B8206} = {2E5FF4F9-B59B-46EC-9740-43191B13A25A}
		{07B9A7A6-52B0-42EB-A92C-76C68A0221B2} = {2E5FF4F9-B59B-46EC-9740-43191B13A25A}
		{738CB542-EA53-4A9B-AC87-FA9E6A4ABBE2} = {2E5FF4F9-B59B-46EC-9740-43191B13A25A}
		{6855FF0F-95A8-4C91-B59A-E31F45D3C356} = {2E5FF4F9-B59B-46EC-9740-43191B13A25A}
		{85D94CAE-F1ED-4A77-B103-53A482A76D6C} = {2E5FF4F9-B59B-46EC-9740-43191B13A25A}
	EndGlobalSection
	GlobalSection(ExtensibilityGlobals) = postSolution
		SolutionGuid = {A5F4A845-EA0F-48C9-A7EF-E466437537DA}
	EndGlobalSection
EndGlobal
